// !$*UTF8*$!
{
	archiveVersion = 1;
	classes = {
	};
	objectVersion = 46;
	objects = {

/* Begin PBXBuildFile section */
		C502265E170300B400B77FC9 /* CusNavigationBar.m in Sources */ = {isa = PBXBuildFile; fileRef = C502265D170300B400B77FC9 /* CusNavigationBar.m */; };
		C5022661170301A700B77FC9 /* list.png in Resources */ = {isa = PBXBuildFile; fileRef = C5022660170301A700B77FC9 /* list.png */; };
		C5022669170301B600B77FC9 /* delete.png in Resources */ = {isa = PBXBuildFile; fileRef = C5022662170301B600B77FC9 /* delete.png */; };
		C502266A170301B600B77FC9 /* grid-view.png in Resources */ = {isa = PBXBuildFile; fileRef = C5022663170301B600B77FC9 /* grid-view.png */; };
		C502266B170301B600B77FC9 /* index-bar.png in Resources */ = {isa = PBXBuildFile; fileRef = C5022664170301B600B77FC9 /* index-bar.png */; };
		C502266C170301B600B77FC9 /* timeline-view.png in Resources */ = {isa = PBXBuildFile; fileRef = C5022665170301B600B77FC9 /* timeline-view.png */; };
		C502266D170301B600B77FC9 /* title-bar.png in Resources */ = {isa = PBXBuildFile; fileRef = C5022666170301B600B77FC9 /* title-bar.png */; };
		C502266E170301B600B77FC9 /* upload.png in Resources */ = {isa = PBXBuildFile; fileRef = C5022667170301B600B77FC9 /* upload.png */; };
		C502266F170301B600B77FC9 /* localAlbums.png in Resources */ = {isa = PBXBuildFile; fileRef = C5022668170301B600B77FC9 /* localAlbums.png */; };
		C5022672170319C800B77FC9 /* BaseViewController.m in Sources */ = {isa = PBXBuildFile; fileRef = C5022671170319C800B77FC9 /* BaseViewController.m */; };
		C57ED93B17028A1900505ECF /* ImageScaleView.m in Sources */ = {isa = PBXBuildFile; fileRef = C57ED93A17028A1900505ECF /* ImageScaleView.m */; };
		C57ED93E17028C9B00505ECF /* PhotoDetailController.m in Sources */ = {isa = PBXBuildFile; fileRef = C57ED93D17028C9B00505ECF /* PhotoDetailController.m */; };
		C583CF051703D57000CD3485 /* NavigationBarBG.png in Resources */ = {isa = PBXBuildFile; fileRef = C583CF041703D57000CD3485 /* NavigationBarBG.png */; };
		C583CF081703D6B300CD3485 /* StatusImageView.m in Sources */ = {isa = PBXBuildFile; fileRef = C583CF071703D6B300CD3485 /* StatusImageView.m */; };
		C583CF101703E61100CD3485 /* menuBackground.png in Resources */ = {isa = PBXBuildFile; fileRef = C583CF0A1703E61100CD3485 /* menuBackground.png */; };
		C583CF111703E61100CD3485 /* shareHistory.png in Resources */ = {isa = PBXBuildFile; fileRef = C583CF0B1703E61100CD3485 /* shareHistory.png */; };
		C583CF121703E61100CD3485 /* setting.png in Resources */ = {isa = PBXBuildFile; fileRef = C583CF0C1703E61100CD3485 /* setting.png */; };
		C583CF131703E61100CD3485 /* line.png in Resources */ = {isa = PBXBuildFile; fileRef = C583CF0D1703E61100CD3485 /* line.png */; };
		C583CF141703E61100CD3485 /* cloundPhoto.png in Resources */ = {isa = PBXBuildFile; fileRef = C583CF0E1703E61100CD3485 /* cloundPhoto.png */; };
		C583CF151703E61100CD3485 /* accountBar.png in Resources */ = {isa = PBXBuildFile; fileRef = C583CF0F1703E61100CD3485 /* accountBar.png */; };
		C583CF1B1703ECAC00CD3485 /* AccountCell.m in Sources */ = {isa = PBXBuildFile; fileRef = C583CF1A1703ECAC00CD3485 /* AccountCell.m */; };
		C583CF1E1703F3ED00CD3485 /* MenuCell.m in Sources */ = {isa = PBXBuildFile; fileRef = C583CF1D1703F3ED00CD3485 /* MenuCell.m */; };
		C583CF201703F5DF00CD3485 /* LocalPhoto.png in Resources */ = {isa = PBXBuildFile; fileRef = C583CF1F1703F5DF00CD3485 /* LocalPhoto.png */; };
		C583CF2217042D5300CD3485 /* alume-pic.png in Resources */ = {isa = PBXBuildFile; fileRef = C583CF2117042D5300CD3485 /* alume-pic.png */; };
		C583CF25170434BF00CD3485 /* CountLabel.m in Sources */ = {isa = PBXBuildFile; fileRef = C583CF24170434BE00CD3485 /* CountLabel.m */; };
		C583CF27170434F000CD3485 /* album_nb@2x.png in Resources */ = {isa = PBXBuildFile; fileRef = C583CF26170434F000CD3485 /* album_nb@2x.png */; };
		C583CF291704448800CD3485 /* back.png in Resources */ = {isa = PBXBuildFile; fileRef = C583CF281704448800CD3485 /* back.png */; };
		C583CF3317044B6D00CD3485 /* full_screen_back.png in Resources */ = {isa = PBXBuildFile; fileRef = C583CF2B17044B6D00CD3485 /* full_screen_back.png */; };
		C583CF3417044B6D00CD3485 /* full_screen_buttom_bar.png in Resources */ = {isa = PBXBuildFile; fileRef = C583CF2C17044B6D00CD3485 /* full_screen_buttom_bar.png */; };
		C583CF3517044B6D00CD3485 /* full_screen_delete_icon.png in Resources */ = {isa = PBXBuildFile; fileRef = C583CF2D17044B6D00CD3485 /* full_screen_delete_icon.png */; };
		C583CF3617044B6D00CD3485 /* full_screen_download_icon.png in Resources */ = {isa = PBXBuildFile; fileRef = C583CF2E17044B6D00CD3485 /* full_screen_download_icon.png */; };
		C583CF3717044B6D00CD3485 /* full_screen_edit_icon.png in Resources */ = {isa = PBXBuildFile; fileRef = C583CF2F17044B6D00CD3485 /* full_screen_edit_icon.png */; };
		C583CF3817044B6D00CD3485 /* full_screen_share_icon.png in Resources */ = {isa = PBXBuildFile; fileRef = C583CF3017044B6D00CD3485 /* full_screen_share_icon.png */; };
		C583CF3917044B6D00CD3485 /* full_screen_title-bar.png in Resources */ = {isa = PBXBuildFile; fileRef = C583CF3117044B6D00CD3485 /* full_screen_title-bar.png */; };
		C583CF3A17044B6D00CD3485 /* full_screen_upload_icon.png in Resources */ = {isa = PBXBuildFile; fileRef = C583CF3217044B6D00CD3485 /* full_screen_upload_icon.png */; };
		C583CF3D1704503A00CD3485 /* CusTabBar.m in Sources */ = {isa = PBXBuildFile; fileRef = C583CF3C1704503A00CD3485 /* CusTabBar.m */; };
		C588B0A817003032006BBC34 /* UIKit.framework in Frameworks */ = {isa = PBXBuildFile; fileRef = C588B0A717003032006BBC34 /* UIKit.framework */; };
		C588B0AA17003032006BBC34 /* Foundation.framework in Frameworks */ = {isa = PBXBuildFile; fileRef = C588B0A917003032006BBC34 /* Foundation.framework */; };
		C588B0AC17003032006BBC34 /* CoreGraphics.framework in Frameworks */ = {isa = PBXBuildFile; fileRef = C588B0AB17003032006BBC34 /* CoreGraphics.framework */; };
		C588B0B217003032006BBC34 /* InfoPlist.strings in Resources */ = {isa = PBXBuildFile; fileRef = C588B0B017003032006BBC34 /* InfoPlist.strings */; };
		C588B0B417003032006BBC34 /* main.m in Sources */ = {isa = PBXBuildFile; fileRef = C588B0B317003032006BBC34 /* main.m */; };
		C588B0B817003032006BBC34 /* AppDelegate.m in Sources */ = {isa = PBXBuildFile; fileRef = C588B0B717003032006BBC34 /* AppDelegate.m */; };
		C588B0BA17003032006BBC34 /* Default.png in Resources */ = {isa = PBXBuildFile; fileRef = C588B0B917003032006BBC34 /* Default.png */; };
		C588B0BC17003032006BBC34 /* Default@2x.png in Resources */ = {isa = PBXBuildFile; fileRef = C588B0BB17003032006BBC34 /* Default@2x.png */; };
		C588B0BE17003032006BBC34 /* Default-568h@2x.png in Resources */ = {isa = PBXBuildFile; fileRef = C588B0BD17003032006BBC34 /* Default-568h@2x.png */; };
		C588B0CB1700305B006BBC34 /* IIViewDeckController.m in Sources */ = {isa = PBXBuildFile; fileRef = C588B0C71700305B006BBC34 /* IIViewDeckController.m */; };
		C588B0CC1700305B006BBC34 /* IIWrapController.m in Sources */ = {isa = PBXBuildFile; fileRef = C588B0C91700305B006BBC34 /* IIWrapController.m */; };
		C588B0CD1700305B006BBC34 /* LeftSideViewIcon.png in Resources */ = {isa = PBXBuildFile; fileRef = C588B0CA1700305B006BBC34 /* LeftSideViewIcon.png */; };
		C588B0CF170036FB006BBC34 /* QuartzCore.framework in Frameworks */ = {isa = PBXBuildFile; fileRef = C588B0CE170036FB006BBC34 /* QuartzCore.framework */; };
		C588B0D217003750006BBC34 /* LeftMenuController.m in Sources */ = {isa = PBXBuildFile; fileRef = C588B0D117003750006BBC34 /* LeftMenuController.m */; };
		C588B0D5170039CC006BBC34 /* LocalAlbumsController.m in Sources */ = {isa = PBXBuildFile; fileRef = C588B0D4170039CC006BBC34 /* LocalAlbumsController.m */; };
		C588B0DA17003CD0006BBC34 /* AssetsLibrary.framework in Frameworks */ = {isa = PBXBuildFile; fileRef = C588B0D917003CD0006BBC34 /* AssetsLibrary.framework */; };
		C588B0E0170048F1006BBC34 /* PhotoAlbumCell.m in Sources */ = {isa = PBXBuildFile; fileRef = C588B0DF170048F1006BBC34 /* PhotoAlbumCell.m */; };
		C588B0E3170057EF006BBC34 /* AlbumPhotoesController.m in Sources */ = {isa = PBXBuildFile; fileRef = C588B0E2170057EF006BBC34 /* AlbumPhotoesController.m */; };
		C588B0E917013063006BBC34 /* PhotoesCell.m in Sources */ = {isa = PBXBuildFile; fileRef = C588B0E817013063006BBC34 /* PhotoesCell.m */; };
		C588B0EE170142AD006BBC34 /* DataBaseManager.m in Sources */ = {isa = PBXBuildFile; fileRef = C588B0ED170142AD006BBC34 /* DataBaseManager.m */; };
		C588B0F0170143B2006BBC34 /* libsqlite3.dylib in Frameworks */ = {isa = PBXBuildFile; fileRef = C588B0EF170143B2006BBC34 /* libsqlite3.dylib */; };
		C588B0F3170177E1006BBC34 /* LocalALLPhotoesController.m in Sources */ = {isa = PBXBuildFile; fileRef = C588B0F2170177E1006BBC34 /* LocalALLPhotoesController.m */; };
		C58DC14D17052FFA00E97E8C /* higlight.png in Resources */ = {isa = PBXBuildFile; fileRef = C58DC14C17052FFA00E97E8C /* higlight.png */; };
		C58DC1531705416A00E97E8C /* upload_pic.png in Resources */ = {isa = PBXBuildFile; fileRef = C58DC1501705416A00E97E8C /* upload_pic.png */; };
		C58DC1541705416A00E97E8C /* check_box_select_image.png in Resources */ = {isa = PBXBuildFile; fileRef = C58DC1511705416A00E97E8C /* check_box_select_image.png */; };
/* End PBXBuildFile section */

/* Begin PBXFileReference section */
		C502265C170300B400B77FC9 /* CusNavigationBar.h */ = {isa = PBXFileReference; fileEncoding = 4; lastKnownFileType = sourcecode.c.h; path = CusNavigationBar.h; sourceTree = "<group>"; };
		C502265D170300B400B77FC9 /* CusNavigationBar.m */ = {isa = PBXFileReference; fileEncoding = 4; lastKnownFileType = sourcecode.c.objc; path = CusNavigationBar.m; sourceTree = "<group>"; };
		C5022660170301A700B77FC9 /* list.png */ = {isa = PBXFileReference; lastKnownFileType = image.png; path = list.png; sourceTree = "<group>"; };
		C5022662170301B600B77FC9 /* delete.png */ = {isa = PBXFileReference; lastKnownFileType = image.png; path = delete.png; sourceTree = "<group>"; };
		C5022663170301B600B77FC9 /* grid-view.png */ = {isa = PBXFileReference; lastKnownFileType = image.png; path = "grid-view.png"; sourceTree = "<group>"; };
		C5022664170301B600B77FC9 /* index-bar.png */ = {isa = PBXFileReference; lastKnownFileType = image.png; path = "index-bar.png"; sourceTree = "<group>"; };
		C5022665170301B600B77FC9 /* timeline-view.png */ = {isa = PBXFileReference; lastKnownFileType = image.png; path = "timeline-view.png"; sourceTree = "<group>"; };
		C5022666170301B600B77FC9 /* title-bar.png */ = {isa = PBXFileReference; lastKnownFileType = image.png; path = "title-bar.png"; sourceTree = "<group>"; };
		C5022667170301B600B77FC9 /* upload.png */ = {isa = PBXFileReference; lastKnownFileType = image.png; path = upload.png; sourceTree = "<group>"; };
		C5022668170301B600B77FC9 /* localAlbums.png */ = {isa = PBXFileReference; lastKnownFileType = image.png; path = localAlbums.png; sourceTree = "<group>"; };
		C5022670170319C800B77FC9 /* BaseViewController.h */ = {isa = PBXFileReference; fileEncoding = 4; lastKnownFileType = sourcecode.c.h; path = BaseViewController.h; sourceTree = "<group>"; };
		C5022671170319C800B77FC9 /* BaseViewController.m */ = {isa = PBXFileReference; fileEncoding = 4; lastKnownFileType = sourcecode.c.objc; path = BaseViewController.m; sourceTree = "<group>"; };
		C57ED93917028A1900505ECF /* ImageScaleView.h */ = {isa = PBXFileReference; fileEncoding = 4; lastKnownFileType = sourcecode.c.h; path = ImageScaleView.h; sourceTree = "<group>"; };
		C57ED93A17028A1900505ECF /* ImageScaleView.m */ = {isa = PBXFileReference; fileEncoding = 4; lastKnownFileType = sourcecode.c.objc; path = ImageScaleView.m; sourceTree = "<group>"; };
		C57ED93C17028C9B00505ECF /* PhotoDetailController.h */ = {isa = PBXFileReference; fileEncoding = 4; lastKnownFileType = sourcecode.c.h; path = PhotoDetailController.h; sourceTree = "<group>"; };
		C57ED93D17028C9B00505ECF /* PhotoDetailController.m */ = {isa = PBXFileReference; fileEncoding = 4; lastKnownFileType = sourcecode.c.objc; path = PhotoDetailController.m; sourceTree = "<group>"; };
		C583CF041703D57000CD3485 /* NavigationBarBG.png */ = {isa = PBXFileReference; lastKnownFileType = image.png; path = NavigationBarBG.png; sourceTree = "<group>"; };
		C583CF061703D6B300CD3485 /* StatusImageView.h */ = {isa = PBXFileReference; fileEncoding = 4; lastKnownFileType = sourcecode.c.h; path = StatusImageView.h; sourceTree = "<group>"; };
		C583CF071703D6B300CD3485 /* StatusImageView.m */ = {isa = PBXFileReference; fileEncoding = 4; lastKnownFileType = sourcecode.c.objc; path = StatusImageView.m; sourceTree = "<group>"; };
		C583CF0A1703E61100CD3485 /* menuBackground.png */ = {isa = PBXFileReference; lastKnownFileType = image.png; path = menuBackground.png; sourceTree = "<group>"; };
		C583CF0B1703E61100CD3485 /* shareHistory.png */ = {isa = PBXFileReference; lastKnownFileType = image.png; path = shareHistory.png; sourceTree = "<group>"; };
		C583CF0C1703E61100CD3485 /* setting.png */ = {isa = PBXFileReference; lastKnownFileType = image.png; path = setting.png; sourceTree = "<group>"; };
		C583CF0D1703E61100CD3485 /* line.png */ = {isa = PBXFileReference; lastKnownFileType = image.png; path = line.png; sourceTree = "<group>"; };
		C583CF0E1703E61100CD3485 /* cloundPhoto.png */ = {isa = PBXFileReference; lastKnownFileType = image.png; path = cloundPhoto.png; sourceTree = "<group>"; };
		C583CF0F1703E61100CD3485 /* accountBar.png */ = {isa = PBXFileReference; lastKnownFileType = image.png; path = accountBar.png; sourceTree = "<group>"; };
		C583CF191703ECAC00CD3485 /* AccountCell.h */ = {isa = PBXFileReference; fileEncoding = 4; lastKnownFileType = sourcecode.c.h; path = AccountCell.h; sourceTree = "<group>"; };
		C583CF1A1703ECAC00CD3485 /* AccountCell.m */ = {isa = PBXFileReference; fileEncoding = 4; lastKnownFileType = sourcecode.c.objc; path = AccountCell.m; sourceTree = "<group>"; };
		C583CF1C1703F3ED00CD3485 /* MenuCell.h */ = {isa = PBXFileReference; fileEncoding = 4; lastKnownFileType = sourcecode.c.h; path = MenuCell.h; sourceTree = "<group>"; };
		C583CF1D1703F3ED00CD3485 /* MenuCell.m */ = {isa = PBXFileReference; fileEncoding = 4; lastKnownFileType = sourcecode.c.objc; path = MenuCell.m; sourceTree = "<group>"; };
		C583CF1F1703F5DF00CD3485 /* LocalPhoto.png */ = {isa = PBXFileReference; lastKnownFileType = image.png; path = LocalPhoto.png; sourceTree = "<group>"; };
		C583CF2117042D5300CD3485 /* alume-pic.png */ = {isa = PBXFileReference; lastKnownFileType = image.png; path = "alume-pic.png"; sourceTree = "<group>"; };
		C583CF23170434BE00CD3485 /* CountLabel.h */ = {isa = PBXFileReference; fileEncoding = 4; lastKnownFileType = sourcecode.c.h; path = CountLabel.h; sourceTree = "<group>"; };
		C583CF24170434BE00CD3485 /* CountLabel.m */ = {isa = PBXFileReference; fileEncoding = 4; lastKnownFileType = sourcecode.c.objc; path = CountLabel.m; sourceTree = "<group>"; };
		C583CF26170434F000CD3485 /* album_nb@2x.png */ = {isa = PBXFileReference; lastKnownFileType = image.png; path = "album_nb@2x.png"; sourceTree = "<group>"; };
		C583CF281704448800CD3485 /* back.png */ = {isa = PBXFileReference; lastKnownFileType = image.png; path = back.png; sourceTree = "<group>"; };
		C583CF2B17044B6D00CD3485 /* full_screen_back.png */ = {isa = PBXFileReference; lastKnownFileType = image.png; path = full_screen_back.png; sourceTree = "<group>"; };
		C583CF2C17044B6D00CD3485 /* full_screen_buttom_bar.png */ = {isa = PBXFileReference; lastKnownFileType = image.png; path = full_screen_buttom_bar.png; sourceTree = "<group>"; };
		C583CF2D17044B6D00CD3485 /* full_screen_delete_icon.png */ = {isa = PBXFileReference; lastKnownFileType = image.png; path = full_screen_delete_icon.png; sourceTree = "<group>"; };
		C583CF2E17044B6D00CD3485 /* full_screen_download_icon.png */ = {isa = PBXFileReference; lastKnownFileType = image.png; path = full_screen_download_icon.png; sourceTree = "<group>"; };
		C583CF2F17044B6D00CD3485 /* full_screen_edit_icon.png */ = {isa = PBXFileReference; lastKnownFileType = image.png; path = full_screen_edit_icon.png; sourceTree = "<group>"; };
		C583CF3017044B6D00CD3485 /* full_screen_share_icon.png */ = {isa = PBXFileReference; lastKnownFileType = image.png; path = full_screen_share_icon.png; sourceTree = "<group>"; };
		C583CF3117044B6D00CD3485 /* full_screen_title-bar.png */ = {isa = PBXFileReference; lastKnownFileType = image.png; path = "full_screen_title-bar.png"; sourceTree = "<group>"; };
		C583CF3217044B6D00CD3485 /* full_screen_upload_icon.png */ = {isa = PBXFileReference; lastKnownFileType = image.png; path = full_screen_upload_icon.png; sourceTree = "<group>"; };
		C583CF3B1704503A00CD3485 /* CusTabBar.h */ = {isa = PBXFileReference; fileEncoding = 4; lastKnownFileType = sourcecode.c.h; path = CusTabBar.h; sourceTree = "<group>"; };
		C583CF3C1704503A00CD3485 /* CusTabBar.m */ = {isa = PBXFileReference; fileEncoding = 4; lastKnownFileType = sourcecode.c.objc; path = CusTabBar.m; sourceTree = "<group>"; };
		C588B0A417003032006BBC34 /* SohuPhotoAlbum.app */ = {isa = PBXFileReference; explicitFileType = wrapper.application; includeInIndex = 0; path = SohuPhotoAlbum.app; sourceTree = BUILT_PRODUCTS_DIR; };
		C588B0A717003032006BBC34 /* UIKit.framework */ = {isa = PBXFileReference; lastKnownFileType = wrapper.framework; name = UIKit.framework; path = System/Library/Frameworks/UIKit.framework; sourceTree = SDKROOT; };
		C588B0A917003032006BBC34 /* Foundation.framework */ = {isa = PBXFileReference; lastKnownFileType = wrapper.framework; name = Foundation.framework; path = System/Library/Frameworks/Foundation.framework; sourceTree = SDKROOT; };
		C588B0AB17003032006BBC34 /* CoreGraphics.framework */ = {isa = PBXFileReference; lastKnownFileType = wrapper.framework; name = CoreGraphics.framework; path = System/Library/Frameworks/CoreGraphics.framework; sourceTree = SDKROOT; };
		C588B0AF17003032006BBC34 /* SohuPhotoAlbum-Info.plist */ = {isa = PBXFileReference; lastKnownFileType = text.plist.xml; path = "SohuPhotoAlbum-Info.plist"; sourceTree = "<group>"; };
		C588B0B117003032006BBC34 /* en */ = {isa = PBXFileReference; lastKnownFileType = text.plist.strings; name = en; path = en.lproj/InfoPlist.strings; sourceTree = "<group>"; };
		C588B0B317003032006BBC34 /* main.m */ = {isa = PBXFileReference; lastKnownFileType = sourcecode.c.objc; path = main.m; sourceTree = "<group>"; };
		C588B0B517003032006BBC34 /* SohuPhotoAlbum-Prefix.pch */ = {isa = PBXFileReference; lastKnownFileType = sourcecode.c.h; path = "SohuPhotoAlbum-Prefix.pch"; sourceTree = "<group>"; };
		C588B0B617003032006BBC34 /* AppDelegate.h */ = {isa = PBXFileReference; lastKnownFileType = sourcecode.c.h; path = AppDelegate.h; sourceTree = "<group>"; };
		C588B0B717003032006BBC34 /* AppDelegate.m */ = {isa = PBXFileReference; lastKnownFileType = sourcecode.c.objc; path = AppDelegate.m; sourceTree = "<group>"; };
		C588B0B917003032006BBC34 /* Default.png */ = {isa = PBXFileReference; lastKnownFileType = image.png; path = Default.png; sourceTree = "<group>"; };
		C588B0BB17003032006BBC34 /* Default@2x.png */ = {isa = PBXFileReference; lastKnownFileType = image.png; path = "Default@2x.png"; sourceTree = "<group>"; };
		C588B0BD17003032006BBC34 /* Default-568h@2x.png */ = {isa = PBXFileReference; lastKnownFileType = image.png; path = "Default-568h@2x.png"; sourceTree = "<group>"; };
		C588B0C61700305B006BBC34 /* IIViewDeckController.h */ = {isa = PBXFileReference; fileEncoding = 4; lastKnownFileType = sourcecode.c.h; path = IIViewDeckController.h; sourceTree = "<group>"; };
		C588B0C71700305B006BBC34 /* IIViewDeckController.m */ = {isa = PBXFileReference; fileEncoding = 4; lastKnownFileType = sourcecode.c.objc; path = IIViewDeckController.m; sourceTree = "<group>"; };
		C588B0C81700305B006BBC34 /* IIWrapController.h */ = {isa = PBXFileReference; fileEncoding = 4; lastKnownFileType = sourcecode.c.h; path = IIWrapController.h; sourceTree = "<group>"; };
		C588B0C91700305B006BBC34 /* IIWrapController.m */ = {isa = PBXFileReference; fileEncoding = 4; lastKnownFileType = sourcecode.c.objc; path = IIWrapController.m; sourceTree = "<group>"; };
		C588B0CA1700305B006BBC34 /* LeftSideViewIcon.png */ = {isa = PBXFileReference; lastKnownFileType = image.png; path = LeftSideViewIcon.png; sourceTree = "<group>"; };
		C588B0CE170036FB006BBC34 /* QuartzCore.framework */ = {isa = PBXFileReference; lastKnownFileType = wrapper.framework; name = QuartzCore.framework; path = System/Library/Frameworks/QuartzCore.framework; sourceTree = SDKROOT; };
		C588B0D017003750006BBC34 /* LeftMenuController.h */ = {isa = PBXFileReference; fileEncoding = 4; lastKnownFileType = sourcecode.c.h; path = LeftMenuController.h; sourceTree = "<group>"; };
		C588B0D117003750006BBC34 /* LeftMenuController.m */ = {isa = PBXFileReference; fileEncoding = 4; lastKnownFileType = sourcecode.c.objc; path = LeftMenuController.m; sourceTree = "<group>"; };
		C588B0D3170039CC006BBC34 /* LocalAlbumsController.h */ = {isa = PBXFileReference; fileEncoding = 4; lastKnownFileType = sourcecode.c.h; path = LocalAlbumsController.h; sourceTree = "<group>"; };
		C588B0D4170039CC006BBC34 /* LocalAlbumsController.m */ = {isa = PBXFileReference; fileEncoding = 4; lastKnownFileType = sourcecode.c.objc; path = LocalAlbumsController.m; sourceTree = "<group>"; };
		C588B0D917003CD0006BBC34 /* AssetsLibrary.framework */ = {isa = PBXFileReference; lastKnownFileType = wrapper.framework; name = AssetsLibrary.framework; path = System/Library/Frameworks/AssetsLibrary.framework; sourceTree = SDKROOT; };
		C588B0DE170048F1006BBC34 /* PhotoAlbumCell.h */ = {isa = PBXFileReference; fileEncoding = 4; lastKnownFileType = sourcecode.c.h; path = PhotoAlbumCell.h; sourceTree = "<group>"; };
		C588B0DF170048F1006BBC34 /* PhotoAlbumCell.m */ = {isa = PBXFileReference; fileEncoding = 4; lastKnownFileType = sourcecode.c.objc; path = PhotoAlbumCell.m; sourceTree = "<group>"; };
		C588B0E1170057EF006BBC34 /* AlbumPhotoesController.h */ = {isa = PBXFileReference; fileEncoding = 4; lastKnownFileType = sourcecode.c.h; path = AlbumPhotoesController.h; sourceTree = "<group>"; };
		C588B0E2170057EF006BBC34 /* AlbumPhotoesController.m */ = {isa = PBXFileReference; fileEncoding = 4; lastKnownFileType = sourcecode.c.objc; path = AlbumPhotoesController.m; sourceTree = "<group>"; };
		C588B0E717013063006BBC34 /* PhotoesCell.h */ = {isa = PBXFileReference; fileEncoding = 4; lastKnownFileType = sourcecode.c.h; path = PhotoesCell.h; sourceTree = "<group>"; };
		C588B0E817013063006BBC34 /* PhotoesCell.m */ = {isa = PBXFileReference; fileEncoding = 4; lastKnownFileType = sourcecode.c.objc; path = PhotoesCell.m; sourceTree = "<group>"; };
		C588B0EC170142AD006BBC34 /* DataBaseManager.h */ = {isa = PBXFileReference; fileEncoding = 4; lastKnownFileType = sourcecode.c.h; path = DataBaseManager.h; sourceTree = "<group>"; };
		C588B0ED170142AD006BBC34 /* DataBaseManager.m */ = {isa = PBXFileReference; fileEncoding = 4; lastKnownFileType = sourcecode.c.objc; path = DataBaseManager.m; sourceTree = "<group>"; };
		C588B0EF170143B2006BBC34 /* libsqlite3.dylib */ = {isa = PBXFileReference; lastKnownFileType = "compiled.mach-o.dylib"; name = libsqlite3.dylib; path = usr/lib/libsqlite3.dylib; sourceTree = SDKROOT; };
		C588B0F1170177E1006BBC34 /* LocalALLPhotoesController.h */ = {isa = PBXFileReference; fileEncoding = 4; lastKnownFileType = sourcecode.c.h; path = LocalALLPhotoesController.h; sourceTree = "<group>"; };
		C588B0F2170177E1006BBC34 /* LocalALLPhotoesController.m */ = {isa = PBXFileReference; fileEncoding = 4; lastKnownFileType = sourcecode.c.objc; path = LocalALLPhotoesController.m; sourceTree = "<group>"; };
		C58DC14C17052FFA00E97E8C /* higlight.png */ = {isa = PBXFileReference; lastKnownFileType = image.png; path = higlight.png; sourceTree = "<group>"; };
		C58DC1501705416A00E97E8C /* upload_pic.png */ = {isa = PBXFileReference; lastKnownFileType = image.png; path = upload_pic.png; sourceTree = "<group>"; };
		C58DC1511705416A00E97E8C /* check_box_select_image.png */ = {isa = PBXFileReference; lastKnownFileType = image.png; path = check_box_select_image.png; sourceTree = "<group>"; };
/* End PBXFileReference section */

/* Begin PBXFrameworksBuildPhase section */
		C588B0A117003032006BBC34 /* Frameworks */ = {
			isa = PBXFrameworksBuildPhase;
			buildActionMask = 2147483647;
			files = (
				C588B0F0170143B2006BBC34 /* libsqlite3.dylib in Frameworks */,
				C588B0DA17003CD0006BBC34 /* AssetsLibrary.framework in Frameworks */,
				C588B0CF170036FB006BBC34 /* QuartzCore.framework in Frameworks */,
				C588B0A817003032006BBC34 /* UIKit.framework in Frameworks */,
				C588B0AA17003032006BBC34 /* Foundation.framework in Frameworks */,
				C588B0AC17003032006BBC34 /* CoreGraphics.framework in Frameworks */,
			);
			runOnlyForDeploymentPostprocessing = 0;
		};
/* End PBXFrameworksBuildPhase section */

/* Begin PBXGroup section */
		C502265F1703018300B77FC9 /* LocalAllPhotoes */ = {
			isa = PBXGroup;
			children = (
				C5022662170301B600B77FC9 /* delete.png */,
				C5022663170301B600B77FC9 /* grid-view.png */,
				C5022664170301B600B77FC9 /* index-bar.png */,
				C5022665170301B600B77FC9 /* timeline-view.png */,
				C5022666170301B600B77FC9 /* title-bar.png */,
				C5022667170301B600B77FC9 /* upload.png */,
				C5022668170301B600B77FC9 /* localAlbums.png */,
			);
			name = LocalAllPhotoes;
			sourceTree = "<group>";
		};
		C57ED935170287E100505ECF /* PhotoDetail */ = {
			isa = PBXGroup;
			children = (
				C583CF3B1704503A00CD3485 /* CusTabBar.h */,
				C583CF3C1704503A00CD3485 /* CusTabBar.m */,
				C57ED93C17028C9B00505ECF /* PhotoDetailController.h */,
				C57ED93D17028C9B00505ECF /* PhotoDetailController.m */,
				C57ED93917028A1900505ECF /* ImageScaleView.h */,
				C57ED93A17028A1900505ECF /* ImageScaleView.m */,
			);
			name = PhotoDetail;
			sourceTree = "<group>";
		};
		C583CF091703E60500CD3485 /* LeftMenu */ = {
			isa = PBXGroup;
			children = (
				C58DC14C17052FFA00E97E8C /* higlight.png */,
				C583CF1F1703F5DF00CD3485 /* LocalPhoto.png */,
				C583CF0E1703E61100CD3485 /* cloundPhoto.png */,
				C583CF0F1703E61100CD3485 /* accountBar.png */,
				C583CF0B1703E61100CD3485 /* shareHistory.png */,
				C583CF0C1703E61100CD3485 /* setting.png */,
				C583CF0A1703E61100CD3485 /* menuBackground.png */,
				C583CF0D1703E61100CD3485 /* line.png */,
			);
			name = LeftMenu;
			sourceTree = "<group>";
		};
		C583CF161703E7F200CD3485 /* LeftMenu */ = {
			isa = PBXGroup;
			children = (
				C588B0D017003750006BBC34 /* LeftMenuController.h */,
				C588B0D117003750006BBC34 /* LeftMenuController.m */,
				C583CF191703ECAC00CD3485 /* AccountCell.h */,
				C583CF1A1703ECAC00CD3485 /* AccountCell.m */,
				C583CF1C1703F3ED00CD3485 /* MenuCell.h */,
				C583CF1D1703F3ED00CD3485 /* MenuCell.m */,
			);
			name = LeftMenu;
			sourceTree = "<group>";
		};
		C583CF2A17044B5100CD3485 /* fullScreenImage */ = {
			isa = PBXGroup;
			children = (
				C583CF2B17044B6D00CD3485 /* full_screen_back.png */,
				C583CF2C17044B6D00CD3485 /* full_screen_buttom_bar.png */,
				C583CF2D17044B6D00CD3485 /* full_screen_delete_icon.png */,
				C583CF2E17044B6D00CD3485 /* full_screen_download_icon.png */,
				C583CF2F17044B6D00CD3485 /* full_screen_edit_icon.png */,
				C583CF3017044B6D00CD3485 /* full_screen_share_icon.png */,
				C583CF3117044B6D00CD3485 /* full_screen_title-bar.png */,
				C583CF3217044B6D00CD3485 /* full_screen_upload_icon.png */,
			);
			name = fullScreenImage;
			sourceTree = "<group>";
		};
		C588B09B17003032006BBC34 = {
			isa = PBXGroup;
			children = (
				C588B0AD17003032006BBC34 /* SohuPhotoAlbum */,
				C588B0A617003032006BBC34 /* Frameworks */,
				C588B0A517003032006BBC34 /* Products */,
			);
			sourceTree = "<group>";
		};
		C588B0A517003032006BBC34 /* Products */ = {
			isa = PBXGroup;
			children = (
				C588B0A417003032006BBC34 /* SohuPhotoAlbum.app */,
			);
			name = Products;
			sourceTree = "<group>";
		};
		C588B0A617003032006BBC34 /* Frameworks */ = {
			isa = PBXGroup;
			children = (
				C588B0EF170143B2006BBC34 /* libsqlite3.dylib */,
				C588B0D917003CD0006BBC34 /* AssetsLibrary.framework */,
				C588B0CE170036FB006BBC34 /* QuartzCore.framework */,
				C588B0A717003032006BBC34 /* UIKit.framework */,
				C588B0A917003032006BBC34 /* Foundation.framework */,
				C588B0AB17003032006BBC34 /* CoreGraphics.framework */,
			);
			name = Frameworks;
			sourceTree = "<group>";
		};
		C588B0AD17003032006BBC34 /* SohuPhotoAlbum */ = {
			isa = PBXGroup;
			children = (
				C588B0B617003032006BBC34 /* AppDelegate.h */,
				C588B0B717003032006BBC34 /* AppDelegate.m */,
				C583CF161703E7F200CD3485 /* LeftMenu */,
				C588B0EB17014291006BBC34 /* DataBase */,
				C588B0DD170048C0006BBC34 /* LocalPhotoes */,
				C57ED935170287E100505ECF /* PhotoDetail */,
				C588B0D817003A1B006BBC34 /* Resource */,
				C588B0C41700304A006BBC34 /* external */,
				C588B0AE17003032006BBC34 /* Supporting Files */,
			);
			path = SohuPhotoAlbum;
			sourceTree = "<group>";
		};
		C588B0AE17003032006BBC34 /* Supporting Files */ = {
			isa = PBXGroup;
			children = (
				C588B0AF17003032006BBC34 /* SohuPhotoAlbum-Info.plist */,
				C588B0B017003032006BBC34 /* InfoPlist.strings */,
				C588B0B317003032006BBC34 /* main.m */,
				C588B0B517003032006BBC34 /* SohuPhotoAlbum-Prefix.pch */,
				C588B0B917003032006BBC34 /* Default.png */,
				C588B0BB17003032006BBC34 /* Default@2x.png */,
				C588B0BD17003032006BBC34 /* Default-568h@2x.png */,
			);
			name = "Supporting Files";
			sourceTree = "<group>";
		};
		C588B0C41700304A006BBC34 /* external */ = {
			isa = PBXGroup;
			children = (
				C588B0C51700305B006BBC34 /* ViewDeck */,
			);
			name = external;
			sourceTree = "<group>";
		};
		C588B0C51700305B006BBC34 /* ViewDeck */ = {
			isa = PBXGroup;
			children = (
				C588B0C61700305B006BBC34 /* IIViewDeckController.h */,
				C588B0C71700305B006BBC34 /* IIViewDeckController.m */,
				C588B0C81700305B006BBC34 /* IIWrapController.h */,
				C588B0C91700305B006BBC34 /* IIWrapController.m */,
				C588B0CA1700305B006BBC34 /* LeftSideViewIcon.png */,
			);
			path = ViewDeck;
			sourceTree = "<group>";
		};
		C588B0D817003A1B006BBC34 /* Resource */ = {
			isa = PBXGroup;
			children = (
				C58DC14E1705415B00E97E8C /* pictureState */,
				C583CF2A17044B5100CD3485 /* fullScreenImage */,
				C583CF281704448800CD3485 /* back.png */,
				C583CF26170434F000CD3485 /* album_nb@2x.png */,
				C583CF2117042D5300CD3485 /* alume-pic.png */,
				C583CF091703E60500CD3485 /* LeftMenu */,
				C583CF041703D57000CD3485 /* NavigationBarBG.png */,
				C5022660170301A700B77FC9 /* list.png */,
				C502265F1703018300B77FC9 /* LocalAllPhotoes */,
			);
			name = Resource;
			sourceTree = "<group>";
		};
		C588B0DD170048C0006BBC34 /* LocalPhotoes */ = {
			isa = PBXGroup;
			children = (
				C502265C170300B400B77FC9 /* CusNavigationBar.h */,
				C502265D170300B400B77FC9 /* CusNavigationBar.m */,
				C5022670170319C800B77FC9 /* BaseViewController.h */,
				C5022671170319C800B77FC9 /* BaseViewController.m */,
				C588B0D3170039CC006BBC34 /* LocalAlbumsController.h */,
				C588B0D4170039CC006BBC34 /* LocalAlbumsController.m */,
				C588B0E1170057EF006BBC34 /* AlbumPhotoesController.h */,
				C588B0E2170057EF006BBC34 /* AlbumPhotoesController.m */,
				C588B0F1170177E1006BBC34 /* LocalALLPhotoesController.h */,
				C588B0F2170177E1006BBC34 /* LocalALLPhotoesController.m */,
				C588B0DE170048F1006BBC34 /* PhotoAlbumCell.h */,
				C588B0DF170048F1006BBC34 /* PhotoAlbumCell.m */,
				C588B0E717013063006BBC34 /* PhotoesCell.h */,
				C588B0E817013063006BBC34 /* PhotoesCell.m */,
				C583CF23170434BE00CD3485 /* CountLabel.h */,
				C583CF24170434BE00CD3485 /* CountLabel.m */,
				C583CF061703D6B300CD3485 /* StatusImageView.h */,
				C583CF071703D6B300CD3485 /* StatusImageView.m */,
			);
			name = LocalPhotoes;
			sourceTree = "<group>";
		};
		C588B0EB17014291006BBC34 /* DataBase */ = {
			isa = PBXGroup;
			children = (
				C588B0EC170142AD006BBC34 /* DataBaseManager.h */,
				C588B0ED170142AD006BBC34 /* DataBaseManager.m */,
			);
			name = DataBase;
			sourceTree = "<group>";
		};
		C58DC14E1705415B00E97E8C /* pictureState */ = {
			isa = PBXGroup;
			children = (
				C58DC1501705416A00E97E8C /* upload_pic.png */,
				C58DC1511705416A00E97E8C /* check_box_select_image.png */,
			);
			name = pictureState;
			sourceTree = "<group>";
		};
/* End PBXGroup section */

/* Begin PBXNativeTarget section */
		C588B0A317003032006BBC34 /* SohuPhotoAlbum */ = {
			isa = PBXNativeTarget;
			buildConfigurationList = C588B0C117003032006BBC34 /* Build configuration list for PBXNativeTarget "SohuPhotoAlbum" */;
			buildPhases = (
				C588B0A017003032006BBC34 /* Sources */,
				C588B0A117003032006BBC34 /* Frameworks */,
				C588B0A217003032006BBC34 /* Resources */,
			);
			buildRules = (
			);
			dependencies = (
			);
			name = SohuPhotoAlbum;
			productName = SohuPhotoAlbum;
			productReference = C588B0A417003032006BBC34 /* SohuPhotoAlbum.app */;
			productType = "com.apple.product-type.application";
		};
/* End PBXNativeTarget section */

/* Begin PBXProject section */
		C588B09C17003032006BBC34 /* Project object */ = {
			isa = PBXProject;
			attributes = {
				LastUpgradeCheck = 0460;
				ORGANIZATIONNAME = Qu;
			};
			buildConfigurationList = C588B09F17003032006BBC34 /* Build configuration list for PBXProject "SohuPhotoAlbum" */;
			compatibilityVersion = "Xcode 3.2";
			developmentRegion = English;
			hasScannedForEncodings = 0;
			knownRegions = (
				en,
			);
			mainGroup = C588B09B17003032006BBC34;
			productRefGroup = C588B0A517003032006BBC34 /* Products */;
			projectDirPath = "";
			projectRoot = "";
			targets = (
				C588B0A317003032006BBC34 /* SohuPhotoAlbum */,
			);
		};
/* End PBXProject section */

/* Begin PBXResourcesBuildPhase section */
		C588B0A217003032006BBC34 /* Resources */ = {
			isa = PBXResourcesBuildPhase;
			buildActionMask = 2147483647;
			files = (
				C588B0B217003032006BBC34 /* InfoPlist.strings in Resources */,
				C588B0BA17003032006BBC34 /* Default.png in Resources */,
				C588B0BC17003032006BBC34 /* Default@2x.png in Resources */,
				C588B0BE17003032006BBC34 /* Default-568h@2x.png in Resources */,
				C588B0CD1700305B006BBC34 /* LeftSideViewIcon.png in Resources */,
				C5022661170301A700B77FC9 /* list.png in Resources */,
				C5022669170301B600B77FC9 /* delete.png in Resources */,
				C502266A170301B600B77FC9 /* grid-view.png in Resources */,
				C502266B170301B600B77FC9 /* index-bar.png in Resources */,
				C502266C170301B600B77FC9 /* timeline-view.png in Resources */,
				C502266D170301B600B77FC9 /* title-bar.png in Resources */,
				C502266E170301B600B77FC9 /* upload.png in Resources */,
				C502266F170301B600B77FC9 /* localAlbums.png in Resources */,
				C583CF051703D57000CD3485 /* NavigationBarBG.png in Resources */,
				C583CF101703E61100CD3485 /* menuBackground.png in Resources */,
				C583CF111703E61100CD3485 /* shareHistory.png in Resources */,
				C583CF121703E61100CD3485 /* setting.png in Resources */,
				C583CF131703E61100CD3485 /* line.png in Resources */,
				C583CF141703E61100CD3485 /* cloundPhoto.png in Resources */,
				C583CF151703E61100CD3485 /* accountBar.png in Resources */,
				C583CF201703F5DF00CD3485 /* LocalPhoto.png in Resources */,
				C583CF2217042D5300CD3485 /* alume-pic.png in Resources */,
				C583CF27170434F000CD3485 /* album_nb@2x.png in Resources */,
				C583CF291704448800CD3485 /* back.png in Resources */,
				C583CF3317044B6D00CD3485 /* full_screen_back.png in Resources */,
				C583CF3417044B6D00CD3485 /* full_screen_buttom_bar.png in Resources */,
				C583CF3517044B6D00CD3485 /* full_screen_delete_icon.png in Resources */,
				C583CF3617044B6D00CD3485 /* full_screen_download_icon.png in Resources */,
				C583CF3717044B6D00CD3485 /* full_screen_edit_icon.png in Resources */,
				C583CF3817044B6D00CD3485 /* full_screen_share_icon.png in Resources */,
				C583CF3917044B6D00CD3485 /* full_screen_title-bar.png in Resources */,
				C583CF3A17044B6D00CD3485 /* full_screen_upload_icon.png in Resources */,
				C58DC14D17052FFA00E97E8C /* higlight.png in Resources */,
				C58DC1531705416A00E97E8C /* upload_pic.png in Resources */,
				C58DC1541705416A00E97E8C /* check_box_select_image.png in Resources */,
			);
			runOnlyForDeploymentPostprocessing = 0;
		};
/* End PBXResourcesBuildPhase section */

/* Begin PBXSourcesBuildPhase section */
		C588B0A017003032006BBC34 /* Sources */ = {
			isa = PBXSourcesBuildPhase;
			buildActionMask = 2147483647;
			files = (
				C588B0B417003032006BBC34 /* main.m in Sources */,
				C588B0B817003032006BBC34 /* AppDelegate.m in Sources */,
				C588B0CB1700305B006BBC34 /* IIViewDeckController.m in Sources */,
				C588B0CC1700305B006BBC34 /* IIWrapController.m in Sources */,
				C588B0D217003750006BBC34 /* LeftMenuController.m in Sources */,
				C588B0D5170039CC006BBC34 /* LocalAlbumsController.m in Sources */,
				C588B0E0170048F1006BBC34 /* PhotoAlbumCell.m in Sources */,
				C588B0E3170057EF006BBC34 /* AlbumPhotoesController.m in Sources */,
				C588B0E917013063006BBC34 /* PhotoesCell.m in Sources */,
				C588B0EE170142AD006BBC34 /* DataBaseManager.m in Sources */,
				C588B0F3170177E1006BBC34 /* LocalALLPhotoesController.m in Sources */,
				C57ED93B17028A1900505ECF /* ImageScaleView.m in Sources */,
				C57ED93E17028C9B00505ECF /* PhotoDetailController.m in Sources */,
				C502265E170300B400B77FC9 /* CusNavigationBar.m in Sources */,
				C5022672170319C800B77FC9 /* BaseViewController.m in Sources */,
				C583CF081703D6B300CD3485 /* StatusImageView.m in Sources */,
				C583CF1B1703ECAC00CD3485 /* AccountCell.m in Sources */,
				C583CF1E1703F3ED00CD3485 /* MenuCell.m in Sources */,
				C583CF25170434BF00CD3485 /* CountLabel.m in Sources */,
				C583CF3D1704503A00CD3485 /* CusTabBar.m in Sources */,
			);
			runOnlyForDeploymentPostprocessing = 0;
		};
/* End PBXSourcesBuildPhase section */

/* Begin PBXVariantGroup section */
		C588B0B017003032006BBC34 /* InfoPlist.strings */ = {
			isa = PBXVariantGroup;
			children = (
				C588B0B117003032006BBC34 /* en */,
			);
			name = InfoPlist.strings;
			sourceTree = "<group>";
		};
/* End PBXVariantGroup section */

/* Begin XCBuildConfiguration section */
		C588B0BF17003032006BBC34 /* Debug */ = {
			isa = XCBuildConfiguration;
			buildSettings = {
				ALWAYS_SEARCH_USER_PATHS = NO;
				CLANG_CXX_LANGUAGE_STANDARD = "gnu++0x";
				CLANG_CXX_LIBRARY = "libc++";
				CLANG_WARN_CONSTANT_CONVERSION = YES;
				CLANG_WARN_EMPTY_BODY = YES;
				CLANG_WARN_ENUM_CONVERSION = YES;
				CLANG_WARN_INT_CONVERSION = YES;
				CLANG_WARN__DUPLICATE_METHOD_MATCH = YES;
				"CODE_SIGN_IDENTITY[sdk=iphoneos*]" = "iPhone Developer";
				COPY_PHASE_STRIP = NO;
				GCC_C_LANGUAGE_STANDARD = gnu99;
				GCC_DYNAMIC_NO_PIC = NO;
				GCC_OPTIMIZATION_LEVEL = 0;
				GCC_PREPROCESSOR_DEFINITIONS = (
					"DEBUG=1",
					"$(inherited)",
				);
				GCC_SYMBOLS_PRIVATE_EXTERN = NO;
				GCC_WARN_ABOUT_RETURN_TYPE = YES;
				GCC_WARN_UNINITIALIZED_AUTOS = YES;
				GCC_WARN_UNUSED_VARIABLE = YES;
				IPHONEOS_DEPLOYMENT_TARGET = 5.0;
				ONLY_ACTIVE_ARCH = YES;
				SDKROOT = iphoneos;
			};
			name = Debug;
		};
		C588B0C017003032006BBC34 /* Release */ = {
			isa = XCBuildConfiguration;
			buildSettings = {
				ALWAYS_SEARCH_USER_PATHS = NO;
				CLANG_CXX_LANGUAGE_STANDARD = "gnu++0x";
				CLANG_CXX_LIBRARY = "libc++";
				CLANG_WARN_CONSTANT_CONVERSION = YES;
				CLANG_WARN_EMPTY_BODY = YES;
				CLANG_WARN_ENUM_CONVERSION = YES;
				CLANG_WARN_INT_CONVERSION = YES;
				CLANG_WARN__DUPLICATE_METHOD_MATCH = YES;
				"CODE_SIGN_IDENTITY[sdk=iphoneos*]" = "iPhone Developer";
				COPY_PHASE_STRIP = YES;
				GCC_C_LANGUAGE_STANDARD = gnu99;
				GCC_WARN_ABOUT_RETURN_TYPE = YES;
				GCC_WARN_UNINITIALIZED_AUTOS = YES;
				GCC_WARN_UNUSED_VARIABLE = YES;
				IPHONEOS_DEPLOYMENT_TARGET = 5.0;
				OTHER_CFLAGS = "-DNS_BLOCK_ASSERTIONS=1";
				SDKROOT = iphoneos;
				VALIDATE_PRODUCT = YES;
			};
			name = Release;
		};
		C588B0C217003032006BBC34 /* Debug */ = {
			isa = XCBuildConfiguration;
			buildSettings = {
				GCC_PRECOMPILE_PREFIX_HEADER = YES;
				GCC_PREFIX_HEADER = "SohuPhotoAlbum/SohuPhotoAlbum-Prefix.pch";
				INFOPLIST_FILE = "SohuPhotoAlbum/SohuPhotoAlbum-Info.plist";
				PRODUCT_NAME = "$(TARGET_NAME)";
				WRAPPER_EXTENSION = app;
			};
			name = Debug;
		};
		C588B0C317003032006BBC34 /* Release */ = {
			isa = XCBuildConfiguration;
			buildSettings = {
				GCC_PRECOMPILE_PREFIX_HEADER = YES;
				GCC_PREFIX_HEADER = "SohuPhotoAlbum/SohuPhotoAlbum-Prefix.pch";
				INFOPLIST_FILE = "SohuPhotoAlbum/SohuPhotoAlbum-Info.plist";
				PRODUCT_NAME = "$(TARGET_NAME)";
				WRAPPER_EXTENSION = app;
			};
			name = Release;
		};
/* End XCBuildConfiguration section */

/* Begin XCConfigurationList section */
		C588B09F17003032006BBC34 /* Build configuration list for PBXProject "SohuPhotoAlbum" */ = {
			isa = XCConfigurationList;
			buildConfigurations = (
				C588B0BF17003032006BBC34 /* Debug */,
				C588B0C017003032006BBC34 /* Release */,
			);
			defaultConfigurationIsVisible = 0;
			defaultConfigurationName = Release;
		};
		C588B0C117003032006BBC34 /* Build configuration list for PBXNativeTarget "SohuPhotoAlbum" */ = {
			isa = XCConfigurationList;
			buildConfigurations = (
				C588B0C217003032006BBC34 /* Debug */,
				C588B0C317003032006BBC34 /* Release */,
			);
			defaultConfigurationIsVisible = 0;
			defaultConfigurationName = Release;
		};
/* End XCConfigurationList section */
	};
	rootObject = C588B09C17003032006BBC34 /* Project object */;
}
